
Microsoft Visual Studio Solution File, Format Version 12.00
# Visual Studio Version 17
VisualStudioVersion = 17.3.32922.545
MinimumVisualStudioVersion = 10.0.40219.1
Project("{FAE04EC0-301F-11D3-BF4B-00C04F79EFBC}") = "Producer", "ProducerConsumerPoc\Producer.csproj", "{57AF07EE-037A-4CD4-B77D-28C067987D3B}"
EndProject
Project("{FAE04EC0-301F-11D3-BF4B-00C04F79EFBC}") = "Consumer", "Consumer\Consumer.csproj", "{51237F48-FF47-4671-A492-04864AAB750D}"
EndProject
Project("{FAE04EC0-301F-11D3-BF4B-00C04F79EFBC}") = "Persistence", "Persistence\Persistence.csproj", "{F70124A9-C170-4F82-A0AE-A60A976D0A00}"
EndProject
Global
	GlobalSection(SolutionConfigurationPlatforms) = preSolution
		Debug|Any CPU = Debug|Any CPU
		Release|Any CPU = Release|Any CPU
	EndGlobalSection
	GlobalSection(ProjectConfigurationPlatforms) = postSolution
		{57AF07EE-037A-4CD4-B77D-28C067987D3B}.Debug|Any CPU.ActiveCfg = Debug|Any CPU
		{57AF07EE-037A-4CD4-B77D-28C067987D3B}.Debug|Any CPU.Build.0 = Debug|Any CPU
		{57AF07EE-037A-4CD4-B77D-28C067987D3B}.Release|Any CPU.ActiveCfg = Release|Any CPU
		{57AF07EE-037A-4CD4-B77D-28C067987D3B}.Release|Any CPU.Build.0 = Release|Any CPU
		{51237F48-FF47-4671-A492-04864AAB750D}.Debug|Any CPU.ActiveCfg = Debug|Any CPU
		{51237F48-FF47-4671-A492-04864AAB750D}.Debug|Any CPU.Build.0 = Debug|Any CPU
		{51237F48-FF47-4671-A492-04864AAB750D}.Release|Any CPU.ActiveCfg = Release|Any CPU
		{51237F48-FF47-4671-A492-04864AAB750D}.Release|Any CPU.Build.0 = Release|Any CPU
		{F70124A9-C170-4F82-A0AE-A60A976D0A00}.Debug|Any CPU.ActiveCfg = Debug|Any CPU
		{F70124A9-C170-4F82-A0AE-A60A976D0A00}.Debug|Any CPU.Build.0 = Debug|Any CPU
		{F70124A9-C170-4F82-A0AE-A60A976D0A00}.Release|Any CPU.ActiveCfg = Release|Any CPU
		{F70124A9-C170-4F82-A0AE-A60A976D0A00}.Release|Any CPU.Build.0 = Release|Any CPU
	EndGlobalSection
	GlobalSection(SolutionProperties) = preSolution
		HideSolutionNode = FALSE
	EndGlobalSection
	GlobalSection(ExtensibilityGlobals) = postSolution
		SolutionGuid = {CB3A9349-077B-4ED2-A0B9-D090CE9C700B}
	EndGlobalSection
EndGlobal
